<Solution>
  <Folder Name="/src/">
    <Project Path="src/Airp.Application/Airp.Application.csproj" />
    <Project Path="src/Airp.Domain/Airp.Domain.csproj" />
    <Project Path="src/Airp.Infrastructure/Airp.Infrastructure.csproj" />
    <Project Path="src/Airp.Proxy/Airp.Proxy.csproj" />
    <Project Path="src/Airp.Terminal/Airp.Terminal.csproj" />
  </Folder>
  <Folder Name="/tests/">
    <Project Path="tests/Airp.Tests/Airp.Tests.csproj" />
  </Folder>
</Solution>
